
Microsoft Visual Studio Solution File, Format Version 11.00
# Visual Studio 2010
Project("{FAE04EC0-301F-11D3-BF4B-00C04F79EFBC}") = "ComicCache", "ComicCache.csproj", "{260B4C27-FFAA-4975-BF84-190018B213DB}"
EndProject
Project("{54435603-DBB4-11D2-8724-00A0C9A8B90C}") = "ComicCacheSetup-X86", "..\ComicCacheSetup-X86\ComicCacheSetup-X86.vdproj", "{51B8EC02-717A-46FD-A8D4-F13D7BBE1D6A}"
EndProject
Project("{54435603-DBB4-11D2-8724-00A0C9A8B90C}") = "ComicCacheSetup-X64", "..\ComicCacheSetup-X64\ComicCacheSetup-X64.vdproj", "{4A1B4C36-5F43-4F23-80F2-C4414EBAA4C4}"
EndProject
Global
	GlobalSection(SubversionScc) = preSolution
		Svn-Managed = True
		Manager = AnkhSVN - Subversion Support for Visual Studio
	EndGlobalSection
	GlobalSection(SolutionConfigurationPlatforms) = preSolution
		Debug|Any CPU = Debug|Any CPU
		DebugConfig|Any CPU = DebugConfig|Any CPU
		Release|Any CPU = Release|Any CPU
		TestRelease|Any CPU = TestRelease|Any CPU
	EndGlobalSection
	GlobalSection(ProjectConfigurationPlatforms) = postSolution
		{260B4C27-FFAA-4975-BF84-190018B213DB}.Debug|Any CPU.ActiveCfg = Debug|Any CPU
		{260B4C27-FFAA-4975-BF84-190018B213DB}.Debug|Any CPU.Build.0 = Debug|Any CPU
		{260B4C27-FFAA-4975-BF84-190018B213DB}.DebugConfig|Any CPU.ActiveCfg = Debug|Any CPU
		{260B4C27-FFAA-4975-BF84-190018B213DB}.DebugConfig|Any CPU.Build.0 = Debug|Any CPU
		{260B4C27-FFAA-4975-BF84-190018B213DB}.Release|Any CPU.ActiveCfg = Release|Any CPU
		{260B4C27-FFAA-4975-BF84-190018B213DB}.Release|Any CPU.Build.0 = Release|Any CPU
		{260B4C27-FFAA-4975-BF84-190018B213DB}.TestRelease|Any CPU.ActiveCfg = TestRelease|Any CPU
		{260B4C27-FFAA-4975-BF84-190018B213DB}.TestRelease|Any CPU.Build.0 = TestRelease|Any CPU
		{51B8EC02-717A-46FD-A8D4-F13D7BBE1D6A}.Debug|Any CPU.ActiveCfg = Debug
		{51B8EC02-717A-46FD-A8D4-F13D7BBE1D6A}.DebugConfig|Any CPU.ActiveCfg = Debug
		{51B8EC02-717A-46FD-A8D4-F13D7BBE1D6A}.Release|Any CPU.ActiveCfg = Release
		{51B8EC02-717A-46FD-A8D4-F13D7BBE1D6A}.Release|Any CPU.Build.0 = Release
		{51B8EC02-717A-46FD-A8D4-F13D7BBE1D6A}.TestRelease|Any CPU.ActiveCfg = TestRelease
		{51B8EC02-717A-46FD-A8D4-F13D7BBE1D6A}.TestRelease|Any CPU.Build.0 = TestRelease
		{4A1B4C36-5F43-4F23-80F2-C4414EBAA4C4}.Debug|Any CPU.ActiveCfg = Debug
		{4A1B4C36-5F43-4F23-80F2-C4414EBAA4C4}.DebugConfig|Any CPU.ActiveCfg = Debug
		{4A1B4C36-5F43-4F23-80F2-C4414EBAA4C4}.Release|Any CPU.ActiveCfg = Release
		{4A1B4C36-5F43-4F23-80F2-C4414EBAA4C4}.Release|Any CPU.Build.0 = Release
		{4A1B4C36-5F43-4F23-80F2-C4414EBAA4C4}.TestRelease|Any CPU.ActiveCfg = TestRelease
		{4A1B4C36-5F43-4F23-80F2-C4414EBAA4C4}.TestRelease|Any CPU.Build.0 = TestRelease
	EndGlobalSection
	GlobalSection(SolutionProperties) = preSolution
		HideSolutionNode = FALSE
	EndGlobalSection
EndGlobal
